schema: '2.0'
stages:
  data_ingestion:
    cmd: python src/data_ingestion.py
    deps:
    - path: src/data_ingestion.py
      hash: md5
      md5: cdd8c6e606a67df4d491b19b4b7e3a21
      size: 732
    outs:
    - path: data/raw
      hash: md5
      md5: fb326d2eec197669f9638afde28356bf.dir
      size: 827973
      nfiles: 2
  data_preprocessing:
    cmd: python src/data_preprocessing.py
    deps:
    - path: data/raw
      hash: md5
      md5: fb326d2eec197669f9638afde28356bf.dir
      size: 827973
      nfiles: 2
    - path: src/data_ingestion.py
      hash: md5
      md5: cdd8c6e606a67df4d491b19b4b7e3a21
      size: 732
    outs:
    - path: data/processed
      hash: md5
      md5: 942323efba911a42bc5b18b3e6c76c13.dir
      size: 622285
      nfiles: 2
