schema: '2.0'
stages:
  data_ingestion:
    cmd: python src/data_ingestion.py
    deps:
    - path: src/data_ingestion.py
      hash: md5
      md5: ec715368cd3fc8469f31aa51dacde639
      size: 582
    outs:
    - path: data/data
      hash: md5
      md5: 99e044f0c7bbcb63eaa2ed060e0fe020.dir
      size: 827954
      nfiles: 1
  data_preprocessing:
    cmd: python src/data_preprocessing.py
    deps:
    - path: data/raw
      hash: md5
      md5: 03b3b604b1f92a17191a7fc947e576d6.dir
      size: 827973
      nfiles: 2
    - path: src/data_ingestion.py
      hash: md5
      md5: ec715368cd3fc8469f31aa51dacde639
      size: 582
    outs:
    - path: data/processed
      hash: md5
      md5: 861e107f4393d066ec6402b241810c8f.dir
      size: 622285
      nfiles: 2
  feature_engineering:
    cmd: python src/feature_engineering.py
    deps:
    - path: data/processed
      hash: md5
      md5: 861e107f4393d066ec6402b241810c8f.dir
      size: 622285
      nfiles: 2
    - path: src/feature_engineering.py
      hash: md5
      md5: cfe63ea3100a57579e5f8d7a4a77dbe4
      size: 1221
    outs:
    - path: data/features
      hash: md5
      md5: 80beb40beb97d4c042f17cfc9435c9cb.dir
      size: 1118468
      nfiles: 2
  model_building:
    cmd: python src/model_building.py
    deps:
    - path: data/features
      hash: md5
      md5: 80beb40beb97d4c042f17cfc9435c9cb.dir
      size: 1118468
      nfiles: 2
    - path: src/model_building.py
      hash: md5
      md5: 94347225e113a27e530e997e7a9cf8b0
      size: 531
    outs:
    - path: model
      hash: md5
      md5: 8ba24dedfddfa26fba9f22ff54713524.dir
      size: 69430
      nfiles: 1
  model_evaluation:
    cmd: python src/model_evaluation.py
    deps:
    - path: model
      hash: md5
      md5: 8ba24dedfddfa26fba9f22ff54713524.dir
      size: 69430
      nfiles: 1
    - path: src/model_evaluation.py
      hash: md5
      md5: 9c06cc76e2aafb8761333a4e59b0f179
      size: 916
    outs:
    - path: metrics
      hash: md5
      md5: 4979184c85e5b8ff195a2d7d08f06572.dir
      size: 145
      nfiles: 1
  data_splitting:
    cmd: python src/data_splitting.py
    deps:
    - path: data/data
      hash: md5
      md5: 99e044f0c7bbcb63eaa2ed060e0fe020.dir
      size: 827954
      nfiles: 1
    - path: src/data_splitting.py
      hash: md5
      md5: 3d14c92fe204a5dcc8a76e264c18839c
      size: 566
    outs:
    - path: data/raw
      hash: md5
      md5: 03b3b604b1f92a17191a7fc947e576d6.dir
      size: 827973
      nfiles: 2
